
Microsoft Visual Studio Solution File, Format Version 12.00
# Visual Studio Version 17
VisualStudioVersion = 17.4.33122.133
MinimumVisualStudioVersion = 10.0.40219.1
Project("{FAE04EC0-301F-11D3-BF4B-00C04F79EFBC}") = "DemoProject", "DemoProject\DemoProject.csproj", "{48392F82-03E2-4BF8-BE1B-E8328638A258}"
EndProject
Global
	GlobalSection(SolutionConfigurationPlatforms) = preSolution
		Debug|Any CPU = Debug|Any CPU
		Release|Any CPU = Release|Any CPU
	EndGlobalSection
	GlobalSection(ProjectConfigurationPlatforms) = postSolution
		{48392F82-03E2-4BF8-BE1B-E8328638A258}.Debug|Any CPU.ActiveCfg = Debug|Any CPU
		{48392F82-03E2-4BF8-BE1B-E8328638A258}.Debug|Any CPU.Build.0 = Debug|Any CPU
		{48392F82-03E2-4BF8-BE1B-E8328638A258}.Release|Any CPU.ActiveCfg = Release|Any CPU
		{48392F82-03E2-4BF8-BE1B-E8328638A258}.Release|Any CPU.Build.0 = Release|Any CPU
	EndGlobalSection
	GlobalSection(SolutionProperties) = preSolution
		HideSolutionNode = FALSE
	EndGlobalSection
	GlobalSection(ExtensibilityGlobals) = postSolution
		SolutionGuid = {2EEE4DA3-9663-41F5-9ED6-D7A4FBDDDAD2}
	EndGlobalSection
EndGlobal
